
Microsoft Visual Studio Solution File, Format Version 12.00
# Visual Studio 15
VisualStudioVersion = 15.0.27703.2018
MinimumVisualStudioVersion = 10.0.40219.1
Project("{FAE04EC0-301F-11D3-BF4B-00C04F79EFBC}") = "Catalogs", "Catalogs\Catalogs.csproj", "{6A89F66A-F7DA-435F-95FF-955029F0644D}"
EndProject
Project("{FAE04EC0-301F-11D3-BF4B-00C04F79EFBC}") = "Domain", "Domain\Domain.csproj", "{D1B3EB63-369D-463A-9236-BD134A8DFB94}"
EndProject
Project("{FAE04EC0-301F-11D3-BF4B-00C04F79EFBC}") = "Catalogs2", "Catalogs2\Catalogs2.csproj", "{C83EC984-E2BF-460A-9D15-6517008B0DF5}"
EndProject
Global
	GlobalSection(SolutionConfigurationPlatforms) = preSolution
		Debug|Any CPU = Debug|Any CPU
		Release|Any CPU = Release|Any CPU
	EndGlobalSection
	GlobalSection(ProjectConfigurationPlatforms) = postSolution
		{6A89F66A-F7DA-435F-95FF-955029F0644D}.Debug|Any CPU.ActiveCfg = Debug|Any CPU
		{6A89F66A-F7DA-435F-95FF-955029F0644D}.Debug|Any CPU.Build.0 = Debug|Any CPU
		{6A89F66A-F7DA-435F-95FF-955029F0644D}.Release|Any CPU.ActiveCfg = Release|Any CPU
		{6A89F66A-F7DA-435F-95FF-955029F0644D}.Release|Any CPU.Build.0 = Release|Any CPU
		{D1B3EB63-369D-463A-9236-BD134A8DFB94}.Debug|Any CPU.ActiveCfg = Debug|Any CPU
		{D1B3EB63-369D-463A-9236-BD134A8DFB94}.Debug|Any CPU.Build.0 = Debug|Any CPU
		{D1B3EB63-369D-463A-9236-BD134A8DFB94}.Release|Any CPU.ActiveCfg = Release|Any CPU
		{D1B3EB63-369D-463A-9236-BD134A8DFB94}.Release|Any CPU.Build.0 = Release|Any CPU
		{C83EC984-E2BF-460A-9D15-6517008B0DF5}.Debug|Any CPU.ActiveCfg = Debug|Any CPU
		{C83EC984-E2BF-460A-9D15-6517008B0DF5}.Debug|Any CPU.Build.0 = Debug|Any CPU
		{C83EC984-E2BF-460A-9D15-6517008B0DF5}.Release|Any CPU.ActiveCfg = Release|Any CPU
		{C83EC984-E2BF-460A-9D15-6517008B0DF5}.Release|Any CPU.Build.0 = Release|Any CPU
	EndGlobalSection
	GlobalSection(SolutionProperties) = preSolution
		HideSolutionNode = FALSE
	EndGlobalSection
	GlobalSection(ExtensibilityGlobals) = postSolution
		SolutionGuid = {BE14AC84-A13E-4F89-AB99-1CAF528CC5CC}
	EndGlobalSection
EndGlobal
